
Microsoft Visual Studio Solution File, Format Version 12.00
# Visual Studio Version 17
VisualStudioVersion = 17.0.31903.59
MinimumVisualStudioVersion = 10.0.40219.1
Project("{2150E333-8FDC-42A3-9474-1A3956D46DE8}") = "src", "src", "{29F76C3A-326F-467C-A8AE-684DDF92C8BF}"
EndProject
Project("{2150E333-8FDC-42A3-9474-1A3956D46DE8}") = "Backend", "Backend", "{C99EF2E1-C4B1-45AC-BF65-C63AEF02A3C1}"
EndProject
Project("{FAE04EC0-301F-11D3-BF4B-00C04F79EFBC}") = "Echoes.API", "src\Backend\Echoes.API\Echoes.API.csproj", "{5E66549C-6E4A-4373-94C6-5F5060B2311B}"
EndProject
Project("{FAE04EC0-301F-11D3-BF4B-00C04F79EFBC}") = "Echoes.Domain", "src\Backend\Echoes.Domain\Echoes.Domain.csproj", "{4BC421AF-07D6-4C4F-BD61-418316DB3DD1}"
EndProject
Project("{FAE04EC0-301F-11D3-BF4B-00C04F79EFBC}") = "Echoes.Application", "src\Backend\Echoes.Application\Echoes.Application.csproj", "{83B62E9B-E386-4135-BADA-EB048DA6DC51}"
EndProject
Project("{FAE04EC0-301F-11D3-BF4B-00C04F79EFBC}") = "Echoes.Infrastructure", "src\Backend\Echoes.Infrastructure\Echoes.Infrastructure.csproj", "{F6C13B0B-BD8D-4729-9302-15240B50093D}"
EndProject
Project("{2150E333-8FDC-42A3-9474-1A3956D46DE8}") = "Shared", "Shared", "{9DCBA673-FC90-4526-BAEC-6797759BE564}"
	ProjectSection(SolutionItems) = preProject
		src\Shared\Polyfills.cs = src\Shared\Polyfills.cs
	EndProjectSection
EndProject
Project("{FAE04EC0-301F-11D3-BF4B-00C04F79EFBC}") = "Echoes.Shared.Domain", "src\Shared\Echoes.Shared.Domain\Echoes.Shared.Domain.csproj", "{64D9388D-82ED-4FCF-A933-E26FAE76B09A}"
EndProject
Project("{FAE04EC0-301F-11D3-BF4B-00C04F79EFBC}") = "Echoes.Shared.Network", "src\Shared\Echoes.Shared.Network\Echoes.Shared.Network.csproj", "{2C42FD4B-EBDC-4E51-91D9-FD71AC082C08}"
EndProject
Project("{2150E333-8FDC-42A3-9474-1A3956D46DE8}") = "tests", "tests", "{C5D06DB8-9722-49CD-942E-41FA42099426}"
EndProject
Project("{2150E333-8FDC-42A3-9474-1A3956D46DE8}") = "Backend", "Backend", "{B6E6601C-F879-4674-84BB-1B3168ED38DD}"
EndProject
Project("{FAE04EC0-301F-11D3-BF4B-00C04F79EFBC}") = "Echoes.API.Tests", "tests\Backend\Echoes.API.Tests\Echoes.API.Tests.csproj", "{555C3B6E-D4F3-44CE-B22A-282D4DF7FCBE}"
EndProject
Project("{FAE04EC0-301F-11D3-BF4B-00C04F79EFBC}") = "Echoes.Application.Tests", "tests\Backend\Echoes.Application.Tests\Echoes.Application.Tests.csproj", "{A7AA02D9-6CA0-4B53-AE7A-97A013519906}"
EndProject
Project("{FAE04EC0-301F-11D3-BF4B-00C04F79EFBC}") = "Echoes.Domain.Tests", "tests\Backend\Echoes.Domain.Tests\Echoes.Domain.Tests.csproj", "{BE9BD573-4875-45AC-91F0-2BDF443A57C8}"
EndProject
Project("{FAE04EC0-301F-11D3-BF4B-00C04F79EFBC}") = "Echoes.Infrastructure.Tests", "tests\Backend\Echoes.Infrastructure.Tests\Echoes.Infrastructure.Tests.csproj", "{FFACEFCA-13C2-4B3B-A5F2-3314728D287A}"
EndProject
Project("{2150E333-8FDC-42A3-9474-1A3956D46DE8}") = "Shared", "Shared", "{85186186-E036-47F2-9844-EC2744287127}"
EndProject
Project("{FAE04EC0-301F-11D3-BF4B-00C04F79EFBC}") = "Echoes.Shared.Domain.Tests", "tests\Shared\Echoes.Shared.Domain.Tests\Echoes.Shared.Domain.Tests.csproj", "{A0783005-F2E6-407F-9C29-0B976477FB76}"
EndProject
Project("{FAE04EC0-301F-11D3-BF4B-00C04F79EFBC}") = "Echoes.Shared.Network.Tests", "tests\Shared\Echoes.Shared.Network.Tests\Echoes.Shared.Network.Tests.csproj", "{53E2663E-CA9F-4B2B-9B7B-7EC375E57FF1}"
EndProject
Project("{FAE04EC0-301F-11D3-BF4B-00C04F79EFBC}") = "Echoes.Shared.Abstraction", "src\Shared\Echoes.Shared.Abstraction\Echoes.Shared.Abstraction.csproj", "{F516A103-C833-4C09-9301-ABCE64EAF15E}"
EndProject
Project("{FAE04EC0-301F-11D3-BF4B-00C04F79EFBC}") = "Echoes.CryptoWorker", "src\Backend\Echoes.CryptoWorker\Echoes.CryptoWorker.csproj", "{36A20E2E-815A-47D3-9668-891084B81184}"
EndProject
Project("{FAE04EC0-301F-11D3-BF4B-00C04F79EFBC}") = "Echoes.PersistenceWorker", "src\Backend\Echoes.PersistenceWorker\Echoes.PersistenceWorker.csproj", "{81AE5CCA-626B-425A-95C9-031AF6D41A62}"
EndProject
Project("{FAE04EC0-301F-11D3-BF4B-00C04F79EFBC}") = "Echoes.GameServer", "src\Backend\Echoes.GameServer\Echoes.GameServer.csproj", "{03A1BAAD-96F5-4EB0-88B7-FFC148E4A9C0}"
EndProject
Project("{FAE04EC0-301F-11D3-BF4B-00C04F79EFBC}") = "Echoes.Shared.Simulation", "src\Shared\Echoes.Shared.Simulation\Echoes.Shared.Simulation.csproj", "{A0A63F9B-2566-4542-94CC-F658C075E8B2}"
EndProject
Global
	GlobalSection(SolutionConfigurationPlatforms) = preSolution
		Debug|Any CPU = Debug|Any CPU
		Release|Any CPU = Release|Any CPU
	EndGlobalSection
	GlobalSection(SolutionProperties) = preSolution
		HideSolutionNode = FALSE
	EndGlobalSection
	GlobalSection(ProjectConfigurationPlatforms) = postSolution
		{5E66549C-6E4A-4373-94C6-5F5060B2311B}.Debug|Any CPU.ActiveCfg = Debug|Any CPU
		{5E66549C-6E4A-4373-94C6-5F5060B2311B}.Debug|Any CPU.Build.0 = Debug|Any CPU
		{5E66549C-6E4A-4373-94C6-5F5060B2311B}.Release|Any CPU.ActiveCfg = Release|Any CPU
		{5E66549C-6E4A-4373-94C6-5F5060B2311B}.Release|Any CPU.Build.0 = Release|Any CPU
		{4BC421AF-07D6-4C4F-BD61-418316DB3DD1}.Debug|Any CPU.ActiveCfg = Debug|Any CPU
		{4BC421AF-07D6-4C4F-BD61-418316DB3DD1}.Debug|Any CPU.Build.0 = Debug|Any CPU
		{4BC421AF-07D6-4C4F-BD61-418316DB3DD1}.Release|Any CPU.ActiveCfg = Release|Any CPU
		{4BC421AF-07D6-4C4F-BD61-418316DB3DD1}.Release|Any CPU.Build.0 = Release|Any CPU
		{83B62E9B-E386-4135-BADA-EB048DA6DC51}.Debug|Any CPU.ActiveCfg = Debug|Any CPU
		{83B62E9B-E386-4135-BADA-EB048DA6DC51}.Debug|Any CPU.Build.0 = Debug|Any CPU
		{83B62E9B-E386-4135-BADA-EB048DA6DC51}.Release|Any CPU.ActiveCfg = Release|Any CPU
		{83B62E9B-E386-4135-BADA-EB048DA6DC51}.Release|Any CPU.Build.0 = Release|Any CPU
		{F6C13B0B-BD8D-4729-9302-15240B50093D}.Debug|Any CPU.ActiveCfg = Debug|Any CPU
		{F6C13B0B-BD8D-4729-9302-15240B50093D}.Debug|Any CPU.Build.0 = Debug|Any CPU
		{F6C13B0B-BD8D-4729-9302-15240B50093D}.Release|Any CPU.ActiveCfg = Release|Any CPU
		{F6C13B0B-BD8D-4729-9302-15240B50093D}.Release|Any CPU.Build.0 = Release|Any CPU
		{64D9388D-82ED-4FCF-A933-E26FAE76B09A}.Debug|Any CPU.ActiveCfg = Debug|Any CPU
		{64D9388D-82ED-4FCF-A933-E26FAE76B09A}.Debug|Any CPU.Build.0 = Debug|Any CPU
		{64D9388D-82ED-4FCF-A933-E26FAE76B09A}.Release|Any CPU.ActiveCfg = Release|Any CPU
		{64D9388D-82ED-4FCF-A933-E26FAE76B09A}.Release|Any CPU.Build.0 = Release|Any CPU
		{2C42FD4B-EBDC-4E51-91D9-FD71AC082C08}.Debug|Any CPU.ActiveCfg = Debug|Any CPU
		{2C42FD4B-EBDC-4E51-91D9-FD71AC082C08}.Debug|Any CPU.Build.0 = Debug|Any CPU
		{2C42FD4B-EBDC-4E51-91D9-FD71AC082C08}.Release|Any CPU.ActiveCfg = Release|Any CPU
		{2C42FD4B-EBDC-4E51-91D9-FD71AC082C08}.Release|Any CPU.Build.0 = Release|Any CPU
		{555C3B6E-D4F3-44CE-B22A-282D4DF7FCBE}.Debug|Any CPU.ActiveCfg = Debug|Any CPU
		{555C3B6E-D4F3-44CE-B22A-282D4DF7FCBE}.Debug|Any CPU.Build.0 = Debug|Any CPU
		{555C3B6E-D4F3-44CE-B22A-282D4DF7FCBE}.Release|Any CPU.ActiveCfg = Release|Any CPU
		{555C3B6E-D4F3-44CE-B22A-282D4DF7FCBE}.Release|Any CPU.Build.0 = Release|Any CPU
		{A7AA02D9-6CA0-4B53-AE7A-97A013519906}.Debug|Any CPU.ActiveCfg = Debug|Any CPU
		{A7AA02D9-6CA0-4B53-AE7A-97A013519906}.Debug|Any CPU.Build.0 = Debug|Any CPU
		{A7AA02D9-6CA0-4B53-AE7A-97A013519906}.Release|Any CPU.ActiveCfg = Release|Any CPU
		{A7AA02D9-6CA0-4B53-AE7A-97A013519906}.Release|Any CPU.Build.0 = Release|Any CPU
		{BE9BD573-4875-45AC-91F0-2BDF443A57C8}.Debug|Any CPU.ActiveCfg = Debug|Any CPU
		{BE9BD573-4875-45AC-91F0-2BDF443A57C8}.Debug|Any CPU.Build.0 = Debug|Any CPU
		{BE9BD573-4875-45AC-91F0-2BDF443A57C8}.Release|Any CPU.ActiveCfg = Release|Any CPU
		{BE9BD573-4875-45AC-91F0-2BDF443A57C8}.Release|Any CPU.Build.0 = Release|Any CPU
		{FFACEFCA-13C2-4B3B-A5F2-3314728D287A}.Debug|Any CPU.ActiveCfg = Debug|Any CPU
		{FFACEFCA-13C2-4B3B-A5F2-3314728D287A}.Debug|Any CPU.Build.0 = Debug|Any CPU
		{FFACEFCA-13C2-4B3B-A5F2-3314728D287A}.Release|Any CPU.ActiveCfg = Release|Any CPU
		{FFACEFCA-13C2-4B3B-A5F2-3314728D287A}.Release|Any CPU.Build.0 = Release|Any CPU
		{A0783005-F2E6-407F-9C29-0B976477FB76}.Debug|Any CPU.ActiveCfg = Debug|Any CPU
		{A0783005-F2E6-407F-9C29-0B976477FB76}.Debug|Any CPU.Build.0 = Debug|Any CPU
		{A0783005-F2E6-407F-9C29-0B976477FB76}.Release|Any CPU.ActiveCfg = Release|Any CPU
		{A0783005-F2E6-407F-9C29-0B976477FB76}.Release|Any CPU.Build.0 = Release|Any CPU
		{53E2663E-CA9F-4B2B-9B7B-7EC375E57FF1}.Debug|Any CPU.ActiveCfg = Debug|Any CPU
		{53E2663E-CA9F-4B2B-9B7B-7EC375E57FF1}.Debug|Any CPU.Build.0 = Debug|Any CPU
		{53E2663E-CA9F-4B2B-9B7B-7EC375E57FF1}.Release|Any CPU.ActiveCfg = Release|Any CPU
		{53E2663E-CA9F-4B2B-9B7B-7EC375E57FF1}.Release|Any CPU.Build.0 = Release|Any CPU
		{F516A103-C833-4C09-9301-ABCE64EAF15E}.Debug|Any CPU.ActiveCfg = Debug|Any CPU
		{F516A103-C833-4C09-9301-ABCE64EAF15E}.Debug|Any CPU.Build.0 = Debug|Any CPU
		{F516A103-C833-4C09-9301-ABCE64EAF15E}.Release|Any CPU.ActiveCfg = Release|Any CPU
		{F516A103-C833-4C09-9301-ABCE64EAF15E}.Release|Any CPU.Build.0 = Release|Any CPU
		{36A20E2E-815A-47D3-9668-891084B81184}.Debug|Any CPU.ActiveCfg = Debug|Any CPU
		{36A20E2E-815A-47D3-9668-891084B81184}.Debug|Any CPU.Build.0 = Debug|Any CPU
		{36A20E2E-815A-47D3-9668-891084B81184}.Release|Any CPU.ActiveCfg = Release|Any CPU
		{36A20E2E-815A-47D3-9668-891084B81184}.Release|Any CPU.Build.0 = Release|Any CPU
		{81AE5CCA-626B-425A-95C9-031AF6D41A62}.Debug|Any CPU.ActiveCfg = Debug|Any CPU
		{81AE5CCA-626B-425A-95C9-031AF6D41A62}.Debug|Any CPU.Build.0 = Debug|Any CPU
		{81AE5CCA-626B-425A-95C9-031AF6D41A62}.Release|Any CPU.ActiveCfg = Release|Any CPU
		{81AE5CCA-626B-425A-95C9-031AF6D41A62}.Release|Any CPU.Build.0 = Release|Any CPU
		{03A1BAAD-96F5-4EB0-88B7-FFC148E4A9C0}.Debug|Any CPU.ActiveCfg = Debug|Any CPU
		{03A1BAAD-96F5-4EB0-88B7-FFC148E4A9C0}.Debug|Any CPU.Build.0 = Debug|Any CPU
		{03A1BAAD-96F5-4EB0-88B7-FFC148E4A9C0}.Release|Any CPU.ActiveCfg = Release|Any CPU
		{03A1BAAD-96F5-4EB0-88B7-FFC148E4A9C0}.Release|Any CPU.Build.0 = Release|Any CPU
		{A0A63F9B-2566-4542-94CC-F658C075E8B2}.Debug|Any CPU.ActiveCfg = Debug|Any CPU
		{A0A63F9B-2566-4542-94CC-F658C075E8B2}.Debug|Any CPU.Build.0 = Debug|Any CPU
		{A0A63F9B-2566-4542-94CC-F658C075E8B2}.Release|Any CPU.ActiveCfg = Release|Any CPU
		{A0A63F9B-2566-4542-94CC-F658C075E8B2}.Release|Any CPU.Build.0 = Release|Any CPU
	EndGlobalSection
	GlobalSection(NestedProjects) = preSolution
		{C99EF2E1-C4B1-45AC-BF65-C63AEF02A3C1} = {29F76C3A-326F-467C-A8AE-684DDF92C8BF}
		{5E66549C-6E4A-4373-94C6-5F5060B2311B} = {C99EF2E1-C4B1-45AC-BF65-C63AEF02A3C1}
		{4BC421AF-07D6-4C4F-BD61-418316DB3DD1} = {C99EF2E1-C4B1-45AC-BF65-C63AEF02A3C1}
		{83B62E9B-E386-4135-BADA-EB048DA6DC51} = {C99EF2E1-C4B1-45AC-BF65-C63AEF02A3C1}
		{F6C13B0B-BD8D-4729-9302-15240B50093D} = {C99EF2E1-C4B1-45AC-BF65-C63AEF02A3C1}
		{9DCBA673-FC90-4526-BAEC-6797759BE564} = {29F76C3A-326F-467C-A8AE-684DDF92C8BF}
		{64D9388D-82ED-4FCF-A933-E26FAE76B09A} = {9DCBA673-FC90-4526-BAEC-6797759BE564}
		{2C42FD4B-EBDC-4E51-91D9-FD71AC082C08} = {9DCBA673-FC90-4526-BAEC-6797759BE564}
		{B6E6601C-F879-4674-84BB-1B3168ED38DD} = {C5D06DB8-9722-49CD-942E-41FA42099426}
		{555C3B6E-D4F3-44CE-B22A-282D4DF7FCBE} = {B6E6601C-F879-4674-84BB-1B3168ED38DD}
		{A7AA02D9-6CA0-4B53-AE7A-97A013519906} = {B6E6601C-F879-4674-84BB-1B3168ED38DD}
		{BE9BD573-4875-45AC-91F0-2BDF443A57C8} = {B6E6601C-F879-4674-84BB-1B3168ED38DD}
		{FFACEFCA-13C2-4B3B-A5F2-3314728D287A} = {B6E6601C-F879-4674-84BB-1B3168ED38DD}
		{85186186-E036-47F2-9844-EC2744287127} = {C5D06DB8-9722-49CD-942E-41FA42099426}
		{A0783005-F2E6-407F-9C29-0B976477FB76} = {85186186-E036-47F2-9844-EC2744287127}
		{53E2663E-CA9F-4B2B-9B7B-7EC375E57FF1} = {85186186-E036-47F2-9844-EC2744287127}
		{F516A103-C833-4C09-9301-ABCE64EAF15E} = {9DCBA673-FC90-4526-BAEC-6797759BE564}
		{36A20E2E-815A-47D3-9668-891084B81184} = {C99EF2E1-C4B1-45AC-BF65-C63AEF02A3C1}
		{81AE5CCA-626B-425A-95C9-031AF6D41A62} = {C99EF2E1-C4B1-45AC-BF65-C63AEF02A3C1}
		{03A1BAAD-96F5-4EB0-88B7-FFC148E4A9C0} = {C99EF2E1-C4B1-45AC-BF65-C63AEF02A3C1}
		{A0A63F9B-2566-4542-94CC-F658C075E8B2} = {9DCBA673-FC90-4526-BAEC-6797759BE564}
	EndGlobalSection
EndGlobal
